<?xml version="1.0" encoding="utf-8"?>
<Project ToolsVersion="4.0" xmlns="http://schemas.microsoft.com/developer/msbuild/2003">
  <ItemGroup>
    <Filter Include="Source Files">
      <UniqueIdentifier>{f837c510-5a03-4408-be67-71195f50b173}</UniqueIdentifier>
      <Extensions>cpp;cxx;c</Extensions>
    </Filter>
    <Filter Include="Header Files">
      <UniqueIdentifier>{23b15ad0-dd19-41c8-9046-76e6484837e4}</UniqueIdentifier>
      <Extensions>hpp;h</Extensions>
    </Filter>
  </ItemGroup>
  <ItemGroup>
    <None Include="ReadMe.txt" />
    <None Include="resources\fonts\arial.fnt" />
    <None Include="resources\shaders\StaticFW_Pixel.glsl" />
    <None Include="resources\shaders\StaticFW_Vertex.glsl" />
    <None Include="Move all directions.txt" />
    <None Include="other stuff.txt" />
  </ItemGroup>
  <ItemGroup>
    <ClCompile Include="source\main.cpp">
      <Filter>Source Files</Filter>
    </ClCompile>
    <ClCompile Include="source\VectorMath.cpp">
      <Filter>Source Files</Filter>
    </ClCompile>
    <ClCompile Include="source\title.cpp">
      <Filter>Source Files</Filter>
    </ClCompile>
    <ClCompile Include="source\animations.cpp">
      <Filter>Source Files</Filter>
    </ClCompile>
    <ClCompile Include="source\splash.cpp">
      <Filter>Source Files</Filter>
    </ClCompile>
    <ClCompile Include="source\Vector2D.cpp">
      <Filter>Source Files</Filter>
    </ClCompile>
    <ClCompile Include="source\bullet.cpp">
      <Filter>Source Files</Filter>
    </ClCompile>
    <ClCompile Include="source\collision_checks.cpp">
      <Filter>Source Files</Filter>
    </ClCompile>
    <ClCompile Include="source\Player_Functions.cpp">
      <Filter>Source Files</Filter>
    </ClCompile>
    <ClCompile Include="source\Update_Enemies.cpp">
      <Filter>Source Files</Filter>
    </ClCompile>
    <ClCompile Include="source\Globals.cpp">
      <Filter>Source Files</Filter>
    </ClCompile>
  </ItemGroup>
  <ItemGroup>
    <ClInclude Include="include\AIE.h">
      <Filter>Header Files</Filter>
    </ClInclude>
    <ClInclude Include="include\vectormath.h">
      <Filter>Header Files</Filter>
    </ClInclude>
    <ClInclude Include="include\header.h">
      <Filter>Header Files</Filter>
    </ClInclude>
    <ClInclude Include="include\title.h">
      <Filter>Header Files</Filter>
    </ClInclude>
    <ClInclude Include="include\movable_sprites.h">
      <Filter>Header Files</Filter>
    </ClInclude>
    <ClInclude Include="include\KeyCodes.h">
      <Filter>Header Files</Filter>
    </ClInclude>
    <ClInclude Include="include\animations.h">
      <Filter>Header Files</Filter>
    </ClInclude>
    <ClInclude Include="include\splash.h">
      <Filter>Header Files</Filter>
    </ClInclude>
    <ClInclude Include="include\Vector2D.h">
      <Filter>Header Files</Filter>
    </ClInclude>
    <ClInclude Include="include\bullet.h">
      <Filter>Header Files</Filter>
    </ClInclude>
    <ClInclude Include="include\Globals.h">
      <Filter>Header Files</Filter>
    </ClInclude>
    <ClInclude Include="include\collision_checks.h">
      <Filter>Header Files</Filter>
    </ClInclude>
    <ClInclude Include="include\Player_Functions.h">
      <Filter>Header Files</Filter>
    </ClInclude>
    <ClInclude Include="include\Update_Enemies.h">
      <Filter>Header Files</Filter>
    </ClInclude>
  </ItemGroup>
</Project>